
Microsoft Visual Studio Solution File, Format Version 12.00
# Visual Studio Version 17
VisualStudioVersion = 17.9.34902.65
MinimumVisualStudioVersion = 10.0.40219.1
Project("{2150E333-8FDC-42A3-9474-1A3956D46DE8}") = "src", "src", "{070B2B80-616A-4DDB-813A-4AD50E296A6E}"
EndProject
Project("{9A19103F-16F7-4668-BE54-9A1E7A4F7556}") = "Core.Application", "src\Core.Application\Core.Application.csproj", "{FA9F442E-EFA1-4D0D-AE8B-85FD9FF190CE}"
EndProject
Project("{9A19103F-16F7-4668-BE54-9A1E7A4F7556}") = "Core.Domain", "src\Core.Domain\Core.Domain.csproj", "{8D2719E1-02EF-4DDE-B064-21D08D73DF56}"
EndProject
Project("{9A19103F-16F7-4668-BE54-9A1E7A4F7556}") = "Core.API", "src\CoreV2.API\Core.API.csproj", "{396590B4-F5D8-44E1-98CB-11ACB6C6D153}"
EndProject
Project("{9A19103F-16F7-4668-BE54-9A1E7A4F7556}") = "Core.DataAccess", "src\Intrastructure\Core.DataAccess\Core.DataAccess.csproj", "{232B264B-5450-454F-B00F-CA20D3C9455C}"
EndProject
Project("{2150E333-8FDC-42A3-9474-1A3956D46DE8}") = "tests", "tests", "{F8353F46-5F3A-42A4-B967-821E6ABE822B}"
EndProject
Project("{2150E333-8FDC-42A3-9474-1A3956D46DE8}") = "Solution Items", "Solution Items", "{B0ACE00A-2EB0-4052-B9AA-7EDB26543A0E}"
	ProjectSection(SolutionItems) = preProject
		.editorconfig = .editorconfig
	EndProjectSection
EndProject
Project("{FAE04EC0-301F-11D3-BF4B-00C04F79EFBC}") = "Core.Unit.Test", "tests\Core.Unit.Test\Core.Unit.Test.csproj", "{8895E3FF-0C30-4BE1-A436-4772A4ABC266}"
EndProject
Global
	GlobalSection(SolutionConfigurationPlatforms) = preSolution
		Debug|Any CPU = Debug|Any CPU
		Release|Any CPU = Release|Any CPU
	EndGlobalSection
	GlobalSection(ProjectConfigurationPlatforms) = postSolution
		{FA9F442E-EFA1-4D0D-AE8B-85FD9FF190CE}.Debug|Any CPU.ActiveCfg = Debug|Any CPU
		{FA9F442E-EFA1-4D0D-AE8B-85FD9FF190CE}.Debug|Any CPU.Build.0 = Debug|Any CPU
		{FA9F442E-EFA1-4D0D-AE8B-85FD9FF190CE}.Release|Any CPU.ActiveCfg = Release|Any CPU
		{FA9F442E-EFA1-4D0D-AE8B-85FD9FF190CE}.Release|Any CPU.Build.0 = Release|Any CPU
		{8D2719E1-02EF-4DDE-B064-21D08D73DF56}.Debug|Any CPU.ActiveCfg = Debug|Any CPU
		{8D2719E1-02EF-4DDE-B064-21D08D73DF56}.Debug|Any CPU.Build.0 = Debug|Any CPU
		{8D2719E1-02EF-4DDE-B064-21D08D73DF56}.Release|Any CPU.ActiveCfg = Release|Any CPU
		{8D2719E1-02EF-4DDE-B064-21D08D73DF56}.Release|Any CPU.Build.0 = Release|Any CPU
		{396590B4-F5D8-44E1-98CB-11ACB6C6D153}.Debug|Any CPU.ActiveCfg = Debug|Any CPU
		{396590B4-F5D8-44E1-98CB-11ACB6C6D153}.Debug|Any CPU.Build.0 = Debug|Any CPU
		{396590B4-F5D8-44E1-98CB-11ACB6C6D153}.Release|Any CPU.ActiveCfg = Release|Any CPU
		{396590B4-F5D8-44E1-98CB-11ACB6C6D153}.Release|Any CPU.Build.0 = Release|Any CPU
		{232B264B-5450-454F-B00F-CA20D3C9455C}.Debug|Any CPU.ActiveCfg = Debug|Any CPU
		{232B264B-5450-454F-B00F-CA20D3C9455C}.Debug|Any CPU.Build.0 = Debug|Any CPU
		{232B264B-5450-454F-B00F-CA20D3C9455C}.Release|Any CPU.ActiveCfg = Release|Any CPU
		{232B264B-5450-454F-B00F-CA20D3C9455C}.Release|Any CPU.Build.0 = Release|Any CPU
		{8895E3FF-0C30-4BE1-A436-4772A4ABC266}.Debug|Any CPU.ActiveCfg = Debug|Any CPU
		{8895E3FF-0C30-4BE1-A436-4772A4ABC266}.Debug|Any CPU.Build.0 = Debug|Any CPU
		{8895E3FF-0C30-4BE1-A436-4772A4ABC266}.Release|Any CPU.ActiveCfg = Release|Any CPU
		{8895E3FF-0C30-4BE1-A436-4772A4ABC266}.Release|Any CPU.Build.0 = Release|Any CPU
	EndGlobalSection
	GlobalSection(SolutionProperties) = preSolution
		HideSolutionNode = FALSE
	EndGlobalSection
	GlobalSection(NestedProjects) = preSolution
		{FA9F442E-EFA1-4D0D-AE8B-85FD9FF190CE} = {070B2B80-616A-4DDB-813A-4AD50E296A6E}
		{8D2719E1-02EF-4DDE-B064-21D08D73DF56} = {070B2B80-616A-4DDB-813A-4AD50E296A6E}
		{396590B4-F5D8-44E1-98CB-11ACB6C6D153} = {070B2B80-616A-4DDB-813A-4AD50E296A6E}
		{232B264B-5450-454F-B00F-CA20D3C9455C} = {070B2B80-616A-4DDB-813A-4AD50E296A6E}
		{8895E3FF-0C30-4BE1-A436-4772A4ABC266} = {F8353F46-5F3A-42A4-B967-821E6ABE822B}
	EndGlobalSection
	GlobalSection(ExtensibilityGlobals) = postSolution
		SolutionGuid = {3D31BD83-2878-4F4D-874F-CD32D28729F0}
	EndGlobalSection
EndGlobal
