
Microsoft Visual Studio Solution File, Format Version 12.00
# Visual Studio Version 17
VisualStudioVersion = 17.9.34902.65
MinimumVisualStudioVersion = 10.0.40219.1
Project("{FAE04EC0-301F-11D3-BF4B-00C04F79EFBC}") = "Core.API", "Core.API\Core.API.csproj", "{66DC933D-ED07-40E7-91A1-B0C7D0533BDE}"
EndProject
Global
	GlobalSection(SolutionConfigurationPlatforms) = preSolution
		Debug|Any CPU = Debug|Any CPU
		Release|Any CPU = Release|Any CPU
	EndGlobalSection
	GlobalSection(ProjectConfigurationPlatforms) = postSolution
		{66DC933D-ED07-40E7-91A1-B0C7D0533BDE}.Debug|Any CPU.ActiveCfg = Debug|Any CPU
		{66DC933D-ED07-40E7-91A1-B0C7D0533BDE}.Debug|Any CPU.Build.0 = Debug|Any CPU
		{66DC933D-ED07-40E7-91A1-B0C7D0533BDE}.Release|Any CPU.ActiveCfg = Release|Any CPU
		{66DC933D-ED07-40E7-91A1-B0C7D0533BDE}.Release|Any CPU.Build.0 = Release|Any CPU
	EndGlobalSection
	GlobalSection(SolutionProperties) = preSolution
		HideSolutionNode = FALSE
	EndGlobalSection
	GlobalSection(ExtensibilityGlobals) = postSolution
		SolutionGuid = {B227612C-444A-4BE5-B161-4392E29F5DAD}
	EndGlobalSection
EndGlobal
