
Microsoft Visual Studio Solution File, Format Version 12.00
# Visual Studio Version 17
VisualStudioVersion = 17.9.34902.65
MinimumVisualStudioVersion = 10.0.40219.1
Project("{FAE04EC0-301F-11D3-BF4B-00C04F79EFBC}") = "Core.API", "CoreV2.API\Core.API.csproj", "{61CD5805-9678-4342-A31A-557916AC3E2C}"
EndProject
Project("{FAE04EC0-301F-11D3-BF4B-00C04F79EFBC}") = "Core.Domain", "Core.Domain\Core.Domain.csproj", "{6005A19A-069E-43C1-9BE5-D58C777849C2}"
EndProject
Project("{FAE04EC0-301F-11D3-BF4B-00C04F79EFBC}") = "Core.Application", "Core.Application\Core.Application.csproj", "{9154F2B1-8063-4CE4-A415-18D2F73FC7AE}"
EndProject
Project("{2150E333-8FDC-42A3-9474-1A3956D46DE8}") = "Infrastructure", "Infrastructure", "{1CBF26A4-8CC9-4B89-8606-4964FB17B6C8}"
EndProject
Project("{FAE04EC0-301F-11D3-BF4B-00C04F79EFBC}") = "Core.DataAccess", "Core.DataAccess\Core.DataAccess.csproj", "{44630044-CF87-4FB7-B6BA-C088B5372B3E}"
EndProject
Global
	GlobalSection(SolutionConfigurationPlatforms) = preSolution
		Debug|Any CPU = Debug|Any CPU
		Release|Any CPU = Release|Any CPU
	EndGlobalSection
	GlobalSection(ProjectConfigurationPlatforms) = postSolution
		{61CD5805-9678-4342-A31A-557916AC3E2C}.Debug|Any CPU.ActiveCfg = Debug|Any CPU
		{61CD5805-9678-4342-A31A-557916AC3E2C}.Debug|Any CPU.Build.0 = Debug|Any CPU
		{61CD5805-9678-4342-A31A-557916AC3E2C}.Release|Any CPU.ActiveCfg = Release|Any CPU
		{61CD5805-9678-4342-A31A-557916AC3E2C}.Release|Any CPU.Build.0 = Release|Any CPU
		{6005A19A-069E-43C1-9BE5-D58C777849C2}.Debug|Any CPU.ActiveCfg = Debug|Any CPU
		{6005A19A-069E-43C1-9BE5-D58C777849C2}.Debug|Any CPU.Build.0 = Debug|Any CPU
		{6005A19A-069E-43C1-9BE5-D58C777849C2}.Release|Any CPU.ActiveCfg = Release|Any CPU
		{6005A19A-069E-43C1-9BE5-D58C777849C2}.Release|Any CPU.Build.0 = Release|Any CPU
		{9154F2B1-8063-4CE4-A415-18D2F73FC7AE}.Debug|Any CPU.ActiveCfg = Debug|Any CPU
		{9154F2B1-8063-4CE4-A415-18D2F73FC7AE}.Debug|Any CPU.Build.0 = Debug|Any CPU
		{9154F2B1-8063-4CE4-A415-18D2F73FC7AE}.Release|Any CPU.ActiveCfg = Release|Any CPU
		{9154F2B1-8063-4CE4-A415-18D2F73FC7AE}.Release|Any CPU.Build.0 = Release|Any CPU
		{44630044-CF87-4FB7-B6BA-C088B5372B3E}.Debug|Any CPU.ActiveCfg = Debug|Any CPU
		{44630044-CF87-4FB7-B6BA-C088B5372B3E}.Debug|Any CPU.Build.0 = Debug|Any CPU
		{44630044-CF87-4FB7-B6BA-C088B5372B3E}.Release|Any CPU.ActiveCfg = Release|Any CPU
		{44630044-CF87-4FB7-B6BA-C088B5372B3E}.Release|Any CPU.Build.0 = Release|Any CPU
	EndGlobalSection
	GlobalSection(SolutionProperties) = preSolution
		HideSolutionNode = FALSE
	EndGlobalSection
	GlobalSection(NestedProjects) = preSolution
		{44630044-CF87-4FB7-B6BA-C088B5372B3E} = {1CBF26A4-8CC9-4B89-8606-4964FB17B6C8}
	EndGlobalSection
	GlobalSection(ExtensibilityGlobals) = postSolution
		SolutionGuid = {3D31BD83-2878-4F4D-874F-CD32D28729F0}
	EndGlobalSection
EndGlobal
